
Microsoft Visual Studio Solution File, Format Version 12.00
# Visual Studio 14
VisualStudioVersion = 14.0.25420.1
MinimumVisualStudioVersion = 10.0.40219.1
Project("{FAE04EC0-301F-11D3-BF4B-00C04F79EFBC}") = "Moradi Photo Editor", "Hines Photo Editor\Moradi Photo Editor.csproj", "{EBD6A6C5-70CD-4916-A7C8-92009B6A0092}"
EndProject
Global
	GlobalSection(SolutionConfigurationPlatforms) = preSolution
		Debug|Any CPU = Debug|Any CPU
		Release|Any CPU = Release|Any CPU
	EndGlobalSection
	GlobalSection(ProjectConfigurationPlatforms) = postSolution
		{EBD6A6C5-70CD-4916-A7C8-92009B6A0092}.Debug|Any CPU.ActiveCfg = Debug|Any CPU
		{EBD6A6C5-70CD-4916-A7C8-92009B6A0092}.Debug|Any CPU.Build.0 = Debug|Any CPU
		{EBD6A6C5-70CD-4916-A7C8-92009B6A0092}.Release|Any CPU.ActiveCfg = Release|Any CPU
		{EBD6A6C5-70CD-4916-A7C8-92009B6A0092}.Release|Any CPU.Build.0 = Release|Any CPU
	EndGlobalSection
	GlobalSection(SolutionProperties) = preSolution
		HideSolutionNode = FALSE
	EndGlobalSection
EndGlobal
